
Microsoft Visual Studio Solution File, Format Version 12.00
# Visual Studio Version 17
VisualStudioVersion = 17.4.33205.214
MinimumVisualStudioVersion = 10.0.40219.1
Project("{2150E333-8FDC-42A3-9474-1A3956D46DE8}") = "Week01", "Week01", "{28DB7289-F015-41AA-9AF7-FD3874627CD2}"
EndProject
Project("{9A19103F-16F7-4668-BE54-9A1E7A4F7556}") = "Week01_1_Intro", "Week01_1_Intro\Week01_1_Intro.csproj", "{63EA1A1B-5235-47D9-B907-03F13E9622B4}"
EndProject
Project("{9A19103F-16F7-4668-BE54-9A1E7A4F7556}") = "Week01_2_Intro_UnitTests", "Week01_2_Intro_UnitTests\Week01_2_Intro_UnitTests.csproj", "{9D8AE051-9D88-4CA7-8EE5-9976B8A12A54}"
EndProject
Project("{9A19103F-16F7-4668-BE54-9A1E7A4F7556}") = "Week01_3_AssemblyDebug", "Week01_3_AssemblyDebug\Week01_3_AssemblyDebug.csproj", "{485D9275-621E-450E-9E5E-5F36BD26F9AF}"
EndProject
Project("{9A19103F-16F7-4668-BE54-9A1E7A4F7556}") = "Week01_4_Lambda", "Week01_4_Lambda\Week01_4_Lambda.csproj", "{29E1013C-2119-4D4B-8ABD-11FF45B4FF2C}"
EndProject
Project("{2150E333-8FDC-42A3-9474-1A3956D46DE8}") = "Week02", "Week02", "{70B2346C-2263-4B00-84D5-BC70990C238C}"
EndProject
Project("{9A19103F-16F7-4668-BE54-9A1E7A4F7556}") = "Week02_1_Attributes", "Week02_1_Attributes\Week02_1_Attributes.csproj", "{9D205D7E-36BF-42A4-96D7-18430D9CC132}"
EndProject
Project("{9A19103F-16F7-4668-BE54-9A1E7A4F7556}") = "Week02_2_Serialization", "Week02_2_Serialization\Week02_2_Serialization.csproj", "{D93E42A8-6AC1-49E3-B37E-ECF4EF6DA5FA}"
EndProject
Project("{2150E333-8FDC-42A3-9474-1A3956D46DE8}") = "Week03", "Week03", "{44B8A542-3E37-4C22-B610-EEC528B3252C}"
EndProject
Project("{9A19103F-16F7-4668-BE54-9A1E7A4F7556}") = "Week03_1_Reflection", "Week03_1_Reflection\Week03_1_Reflection.csproj", "{245A0FD3-AC6E-4F12-A64C-A96004369B03}"
EndProject
Project("{9A19103F-16F7-4668-BE54-9A1E7A4F7556}") = "Week03_2_SqlQueryBuilder", "Week03_2_SqlQueryBuilder\Week03_2_SqlQueryBuilder.csproj", "{A810E7D3-76B5-4F99-9619-203A024E3664}"
EndProject
Project("{9A19103F-16F7-4668-BE54-9A1E7A4F7556}") = "Week03_3_DynamicKeyword", "Week03_3_DynamicKeyword\Week03_3_DynamicKeyword.csproj", "{FF177D37-139E-4270-BC41-12C1E505EED3}"
EndProject
Project("{2150E333-8FDC-42A3-9474-1A3956D46DE8}") = "Week04", "Week04", "{88B3AD42-6D2B-4D0B-B3B5-93DFDCF18B44}"
EndProject
Project("{9A19103F-16F7-4668-BE54-9A1E7A4F7556}") = "Week04_1_Expressions", "Week04_1_Expressions\Week04_1_Expressions.csproj", "{2AB84F61-9FE4-4389-B1FC-0AFB50F261A6}"
EndProject
Project("{9A19103F-16F7-4668-BE54-9A1E7A4F7556}") = "Week04_2_ExpressionVisitors", "Week04_2_ExpressionVisitors\Week04_2_ExpressionVisitors.csproj", "{35D023BA-6FE1-40FD-A8A8-1837F83FD1BD}"
EndProject
Project("{2150E333-8FDC-42A3-9474-1A3956D46DE8}") = "Week05", "Week05", "{6161FEBC-850F-4A93-B3D5-ECA5B6A6FBF2}"
EndProject
Project("{9A19103F-16F7-4668-BE54-9A1E7A4F7556}") = "Week05_1_AsyncEx", "Week05_1_AsyncEx\Week05_1_AsyncEx.csproj", "{836DC491-BB86-4B8D-9B18-23FB0C02A5EF}"
EndProject
Project("{FAE04EC0-301F-11D3-BF4B-00C04F79EFBC}") = "Week05_2_ErrorHandling", "Week05_2_ErrorHandling\Week05_2_ErrorHandling.csproj", "{57667BB3-4A8E-4365-BAC7-5E70C58822FF}"
EndProject
Project("{FAE04EC0-301F-11D3-BF4B-00C04F79EFBC}") = "Week05_3_MultiTask_WhenAny", "Week05_3_MultiTask_WhenAny\Week05_3_MultiTask_WhenAny.csproj", "{EB730789-788E-4BBE-91D5-88A59F1A7026}"
EndProject
Project("{2150E333-8FDC-42A3-9474-1A3956D46DE8}") = "Week06", "Week06", "{99E7F058-B2CB-48D3-AE7B-016DD8282E1E}"
EndProject
Project("{FAE04EC0-301F-11D3-BF4B-00C04F79EFBC}") = "Week06_1_AsyncProgrammingModel", "Week06_1_AsyncProgrammingModel\Week06_1_AsyncProgrammingModel.csproj", "{7F05AC4E-9317-4996-B667-DCE4EC7AB370}"
EndProject
Project("{FAE04EC0-301F-11D3-BF4B-00C04F79EFBC}") = "Week06_2_AsyncDatabaseAccess", "Week06_2_AsyncDatabaseAccess\Week06_2_AsyncDatabaseAccess.csproj", "{B95B712F-306F-47F2-9C49-72A9DBA4402C}"
EndProject
Project("{2150E333-8FDC-42A3-9474-1A3956D46DE8}") = "Week07", "Week07", "{FA7EB017-15E5-4565-89B6-09697B236B41}"
EndProject
Project("{FAE04EC0-301F-11D3-BF4B-00C04F79EFBC}") = "Week07_1_HttpListener", "Week07_1_HttpListener\Week07_1_HttpListener.csproj", "{481E0D63-2EE1-4EE2-9D97-42ED6EA896BF}"
EndProject
Project("{FAE04EC0-301F-11D3-BF4B-00C04F79EFBC}") = "Week07_2_WebAPI", "Week07_2_WebAPI\Week07_2_WebAPI.csproj", "{BC2AE61F-0626-4258-9AC1-4921A72BBA52}"
EndProject
Project("{9A19103F-16F7-4668-BE54-9A1E7A4F7556}") = "Week07_3_KestrelWebServer", "Week07_3_KestrelWebServer\Week07_3_KestrelWebServer.csproj", "{057220FB-7337-4F3D-882B-C5C40AB189DE}"
EndProject
Project("{9A19103F-16F7-4668-BE54-9A1E7A4F7556}") = "Week07_4_KestrelWebServerShared", "Week07_4_KestrelWebServer.Shared\Week07_4_KestrelWebServerShared.csproj", "{47310B8C-4AEB-4E8D-BB6F-5EA832D34FF2}"
EndProject
Project("{9A19103F-16F7-4668-BE54-9A1E7A4F7556}") = "Week07_5_KestrelWebServer_Client", "Week07_5_KestrelWebServer.Client\Week07_5_KestrelWebServer_Client.csproj", "{5567C994-5289-423F-A3D3-C9FE314A07D5}"
EndProject
Project("{2150E333-8FDC-42A3-9474-1A3956D46DE8}") = "Week08", "Week08", "{1107E51A-A2F2-4E15-B64A-06E6D1AC611E}"
EndProject
Project("{FAE04EC0-301F-11D3-BF4B-00C04F79EFBC}") = "Week08_1_SignalREx", "Week08_1_SignalREx\Week08_1_SignalREx.csproj", "{B5EED496-1573-469E-952C-7CC938A2BA20}"
EndProject
Global
	GlobalSection(SolutionConfigurationPlatforms) = preSolution
		Debug|Any CPU = Debug|Any CPU
		Release|Any CPU = Release|Any CPU
	EndGlobalSection
	GlobalSection(ProjectConfigurationPlatforms) = postSolution
		{63EA1A1B-5235-47D9-B907-03F13E9622B4}.Debug|Any CPU.ActiveCfg = Debug|Any CPU
		{63EA1A1B-5235-47D9-B907-03F13E9622B4}.Debug|Any CPU.Build.0 = Debug|Any CPU
		{63EA1A1B-5235-47D9-B907-03F13E9622B4}.Release|Any CPU.ActiveCfg = Release|Any CPU
		{63EA1A1B-5235-47D9-B907-03F13E9622B4}.Release|Any CPU.Build.0 = Release|Any CPU
		{9D8AE051-9D88-4CA7-8EE5-9976B8A12A54}.Debug|Any CPU.ActiveCfg = Debug|Any CPU
		{9D8AE051-9D88-4CA7-8EE5-9976B8A12A54}.Debug|Any CPU.Build.0 = Debug|Any CPU
		{9D8AE051-9D88-4CA7-8EE5-9976B8A12A54}.Release|Any CPU.ActiveCfg = Release|Any CPU
		{9D8AE051-9D88-4CA7-8EE5-9976B8A12A54}.Release|Any CPU.Build.0 = Release|Any CPU
		{485D9275-621E-450E-9E5E-5F36BD26F9AF}.Debug|Any CPU.ActiveCfg = Debug|Any CPU
		{485D9275-621E-450E-9E5E-5F36BD26F9AF}.Debug|Any CPU.Build.0 = Debug|Any CPU
		{485D9275-621E-450E-9E5E-5F36BD26F9AF}.Release|Any CPU.ActiveCfg = Release|Any CPU
		{485D9275-621E-450E-9E5E-5F36BD26F9AF}.Release|Any CPU.Build.0 = Release|Any CPU
		{29E1013C-2119-4D4B-8ABD-11FF45B4FF2C}.Debug|Any CPU.ActiveCfg = Debug|Any CPU
		{29E1013C-2119-4D4B-8ABD-11FF45B4FF2C}.Debug|Any CPU.Build.0 = Debug|Any CPU
		{29E1013C-2119-4D4B-8ABD-11FF45B4FF2C}.Release|Any CPU.ActiveCfg = Release|Any CPU
		{29E1013C-2119-4D4B-8ABD-11FF45B4FF2C}.Release|Any CPU.Build.0 = Release|Any CPU
		{9D205D7E-36BF-42A4-96D7-18430D9CC132}.Debug|Any CPU.ActiveCfg = Debug|Any CPU
		{9D205D7E-36BF-42A4-96D7-18430D9CC132}.Debug|Any CPU.Build.0 = Debug|Any CPU
		{9D205D7E-36BF-42A4-96D7-18430D9CC132}.Release|Any CPU.ActiveCfg = Release|Any CPU
		{9D205D7E-36BF-42A4-96D7-18430D9CC132}.Release|Any CPU.Build.0 = Release|Any CPU
		{D93E42A8-6AC1-49E3-B37E-ECF4EF6DA5FA}.Debug|Any CPU.ActiveCfg = Debug|Any CPU
		{D93E42A8-6AC1-49E3-B37E-ECF4EF6DA5FA}.Debug|Any CPU.Build.0 = Debug|Any CPU
		{D93E42A8-6AC1-49E3-B37E-ECF4EF6DA5FA}.Release|Any CPU.ActiveCfg = Release|Any CPU
		{D93E42A8-6AC1-49E3-B37E-ECF4EF6DA5FA}.Release|Any CPU.Build.0 = Release|Any CPU
		{245A0FD3-AC6E-4F12-A64C-A96004369B03}.Debug|Any CPU.ActiveCfg = Debug|Any CPU
		{245A0FD3-AC6E-4F12-A64C-A96004369B03}.Debug|Any CPU.Build.0 = Debug|Any CPU
		{245A0FD3-AC6E-4F12-A64C-A96004369B03}.Release|Any CPU.ActiveCfg = Release|Any CPU
		{245A0FD3-AC6E-4F12-A64C-A96004369B03}.Release|Any CPU.Build.0 = Release|Any CPU
		{A810E7D3-76B5-4F99-9619-203A024E3664}.Debug|Any CPU.ActiveCfg = Debug|Any CPU
		{A810E7D3-76B5-4F99-9619-203A024E3664}.Debug|Any CPU.Build.0 = Debug|Any CPU
		{A810E7D3-76B5-4F99-9619-203A024E3664}.Release|Any CPU.ActiveCfg = Release|Any CPU
		{A810E7D3-76B5-4F99-9619-203A024E3664}.Release|Any CPU.Build.0 = Release|Any CPU
		{FF177D37-139E-4270-BC41-12C1E505EED3}.Debug|Any CPU.ActiveCfg = Debug|Any CPU
		{FF177D37-139E-4270-BC41-12C1E505EED3}.Debug|Any CPU.Build.0 = Debug|Any CPU
		{FF177D37-139E-4270-BC41-12C1E505EED3}.Release|Any CPU.ActiveCfg = Release|Any CPU
		{FF177D37-139E-4270-BC41-12C1E505EED3}.Release|Any CPU.Build.0 = Release|Any CPU
		{2AB84F61-9FE4-4389-B1FC-0AFB50F261A6}.Debug|Any CPU.ActiveCfg = Debug|Any CPU
		{2AB84F61-9FE4-4389-B1FC-0AFB50F261A6}.Debug|Any CPU.Build.0 = Debug|Any CPU
		{2AB84F61-9FE4-4389-B1FC-0AFB50F261A6}.Release|Any CPU.ActiveCfg = Release|Any CPU
		{2AB84F61-9FE4-4389-B1FC-0AFB50F261A6}.Release|Any CPU.Build.0 = Release|Any CPU
		{35D023BA-6FE1-40FD-A8A8-1837F83FD1BD}.Debug|Any CPU.ActiveCfg = Debug|Any CPU
		{35D023BA-6FE1-40FD-A8A8-1837F83FD1BD}.Debug|Any CPU.Build.0 = Debug|Any CPU
		{35D023BA-6FE1-40FD-A8A8-1837F83FD1BD}.Release|Any CPU.ActiveCfg = Release|Any CPU
		{35D023BA-6FE1-40FD-A8A8-1837F83FD1BD}.Release|Any CPU.Build.0 = Release|Any CPU
		{836DC491-BB86-4B8D-9B18-23FB0C02A5EF}.Debug|Any CPU.ActiveCfg = Debug|Any CPU
		{836DC491-BB86-4B8D-9B18-23FB0C02A5EF}.Debug|Any CPU.Build.0 = Debug|Any CPU
		{836DC491-BB86-4B8D-9B18-23FB0C02A5EF}.Release|Any CPU.ActiveCfg = Release|Any CPU
		{836DC491-BB86-4B8D-9B18-23FB0C02A5EF}.Release|Any CPU.Build.0 = Release|Any CPU
		{57667BB3-4A8E-4365-BAC7-5E70C58822FF}.Debug|Any CPU.ActiveCfg = Debug|Any CPU
		{57667BB3-4A8E-4365-BAC7-5E70C58822FF}.Debug|Any CPU.Build.0 = Debug|Any CPU
		{57667BB3-4A8E-4365-BAC7-5E70C58822FF}.Release|Any CPU.ActiveCfg = Release|Any CPU
		{57667BB3-4A8E-4365-BAC7-5E70C58822FF}.Release|Any CPU.Build.0 = Release|Any CPU
		{EB730789-788E-4BBE-91D5-88A59F1A7026}.Debug|Any CPU.ActiveCfg = Debug|Any CPU
		{EB730789-788E-4BBE-91D5-88A59F1A7026}.Debug|Any CPU.Build.0 = Debug|Any CPU
		{EB730789-788E-4BBE-91D5-88A59F1A7026}.Release|Any CPU.ActiveCfg = Release|Any CPU
		{EB730789-788E-4BBE-91D5-88A59F1A7026}.Release|Any CPU.Build.0 = Release|Any CPU
		{7F05AC4E-9317-4996-B667-DCE4EC7AB370}.Debug|Any CPU.ActiveCfg = Debug|Any CPU
		{7F05AC4E-9317-4996-B667-DCE4EC7AB370}.Debug|Any CPU.Build.0 = Debug|Any CPU
		{7F05AC4E-9317-4996-B667-DCE4EC7AB370}.Release|Any CPU.ActiveCfg = Release|Any CPU
		{7F05AC4E-9317-4996-B667-DCE4EC7AB370}.Release|Any CPU.Build.0 = Release|Any CPU
		{B95B712F-306F-47F2-9C49-72A9DBA4402C}.Debug|Any CPU.ActiveCfg = Debug|Any CPU
		{B95B712F-306F-47F2-9C49-72A9DBA4402C}.Debug|Any CPU.Build.0 = Debug|Any CPU
		{B95B712F-306F-47F2-9C49-72A9DBA4402C}.Release|Any CPU.ActiveCfg = Release|Any CPU
		{B95B712F-306F-47F2-9C49-72A9DBA4402C}.Release|Any CPU.Build.0 = Release|Any CPU
		{481E0D63-2EE1-4EE2-9D97-42ED6EA896BF}.Debug|Any CPU.ActiveCfg = Debug|Any CPU
		{481E0D63-2EE1-4EE2-9D97-42ED6EA896BF}.Debug|Any CPU.Build.0 = Debug|Any CPU
		{481E0D63-2EE1-4EE2-9D97-42ED6EA896BF}.Release|Any CPU.ActiveCfg = Release|Any CPU
		{481E0D63-2EE1-4EE2-9D97-42ED6EA896BF}.Release|Any CPU.Build.0 = Release|Any CPU
		{BC2AE61F-0626-4258-9AC1-4921A72BBA52}.Debug|Any CPU.ActiveCfg = Debug|Any CPU
		{BC2AE61F-0626-4258-9AC1-4921A72BBA52}.Debug|Any CPU.Build.0 = Debug|Any CPU
		{BC2AE61F-0626-4258-9AC1-4921A72BBA52}.Release|Any CPU.ActiveCfg = Release|Any CPU
		{BC2AE61F-0626-4258-9AC1-4921A72BBA52}.Release|Any CPU.Build.0 = Release|Any CPU
		{057220FB-7337-4F3D-882B-C5C40AB189DE}.Debug|Any CPU.ActiveCfg = Debug|Any CPU
		{057220FB-7337-4F3D-882B-C5C40AB189DE}.Debug|Any CPU.Build.0 = Debug|Any CPU
		{057220FB-7337-4F3D-882B-C5C40AB189DE}.Release|Any CPU.ActiveCfg = Release|Any CPU
		{057220FB-7337-4F3D-882B-C5C40AB189DE}.Release|Any CPU.Build.0 = Release|Any CPU
		{47310B8C-4AEB-4E8D-BB6F-5EA832D34FF2}.Debug|Any CPU.ActiveCfg = Debug|Any CPU
		{47310B8C-4AEB-4E8D-BB6F-5EA832D34FF2}.Debug|Any CPU.Build.0 = Debug|Any CPU
		{47310B8C-4AEB-4E8D-BB6F-5EA832D34FF2}.Release|Any CPU.ActiveCfg = Release|Any CPU
		{47310B8C-4AEB-4E8D-BB6F-5EA832D34FF2}.Release|Any CPU.Build.0 = Release|Any CPU
		{5567C994-5289-423F-A3D3-C9FE314A07D5}.Debug|Any CPU.ActiveCfg = Debug|Any CPU
		{5567C994-5289-423F-A3D3-C9FE314A07D5}.Debug|Any CPU.Build.0 = Debug|Any CPU
		{5567C994-5289-423F-A3D3-C9FE314A07D5}.Release|Any CPU.ActiveCfg = Release|Any CPU
		{5567C994-5289-423F-A3D3-C9FE314A07D5}.Release|Any CPU.Build.0 = Release|Any CPU
		{B5EED496-1573-469E-952C-7CC938A2BA20}.Debug|Any CPU.ActiveCfg = Debug|Any CPU
		{B5EED496-1573-469E-952C-7CC938A2BA20}.Debug|Any CPU.Build.0 = Debug|Any CPU
		{B5EED496-1573-469E-952C-7CC938A2BA20}.Release|Any CPU.ActiveCfg = Release|Any CPU
		{B5EED496-1573-469E-952C-7CC938A2BA20}.Release|Any CPU.Build.0 = Release|Any CPU
	EndGlobalSection
	GlobalSection(SolutionProperties) = preSolution
		HideSolutionNode = FALSE
	EndGlobalSection
	GlobalSection(NestedProjects) = preSolution
		{63EA1A1B-5235-47D9-B907-03F13E9622B4} = {28DB7289-F015-41AA-9AF7-FD3874627CD2}
		{9D8AE051-9D88-4CA7-8EE5-9976B8A12A54} = {28DB7289-F015-41AA-9AF7-FD3874627CD2}
		{485D9275-621E-450E-9E5E-5F36BD26F9AF} = {28DB7289-F015-41AA-9AF7-FD3874627CD2}
		{29E1013C-2119-4D4B-8ABD-11FF45B4FF2C} = {28DB7289-F015-41AA-9AF7-FD3874627CD2}
		{9D205D7E-36BF-42A4-96D7-18430D9CC132} = {70B2346C-2263-4B00-84D5-BC70990C238C}
		{D93E42A8-6AC1-49E3-B37E-ECF4EF6DA5FA} = {70B2346C-2263-4B00-84D5-BC70990C238C}
		{245A0FD3-AC6E-4F12-A64C-A96004369B03} = {44B8A542-3E37-4C22-B610-EEC528B3252C}
		{A810E7D3-76B5-4F99-9619-203A024E3664} = {44B8A542-3E37-4C22-B610-EEC528B3252C}
		{FF177D37-139E-4270-BC41-12C1E505EED3} = {44B8A542-3E37-4C22-B610-EEC528B3252C}
		{2AB84F61-9FE4-4389-B1FC-0AFB50F261A6} = {88B3AD42-6D2B-4D0B-B3B5-93DFDCF18B44}
		{35D023BA-6FE1-40FD-A8A8-1837F83FD1BD} = {88B3AD42-6D2B-4D0B-B3B5-93DFDCF18B44}
		{836DC491-BB86-4B8D-9B18-23FB0C02A5EF} = {6161FEBC-850F-4A93-B3D5-ECA5B6A6FBF2}
		{57667BB3-4A8E-4365-BAC7-5E70C58822FF} = {6161FEBC-850F-4A93-B3D5-ECA5B6A6FBF2}
		{EB730789-788E-4BBE-91D5-88A59F1A7026} = {6161FEBC-850F-4A93-B3D5-ECA5B6A6FBF2}
		{7F05AC4E-9317-4996-B667-DCE4EC7AB370} = {99E7F058-B2CB-48D3-AE7B-016DD8282E1E}
		{B95B712F-306F-47F2-9C49-72A9DBA4402C} = {99E7F058-B2CB-48D3-AE7B-016DD8282E1E}
		{481E0D63-2EE1-4EE2-9D97-42ED6EA896BF} = {FA7EB017-15E5-4565-89B6-09697B236B41}
		{BC2AE61F-0626-4258-9AC1-4921A72BBA52} = {FA7EB017-15E5-4565-89B6-09697B236B41}
		{057220FB-7337-4F3D-882B-C5C40AB189DE} = {FA7EB017-15E5-4565-89B6-09697B236B41}
		{47310B8C-4AEB-4E8D-BB6F-5EA832D34FF2} = {FA7EB017-15E5-4565-89B6-09697B236B41}
		{5567C994-5289-423F-A3D3-C9FE314A07D5} = {FA7EB017-15E5-4565-89B6-09697B236B41}
		{B5EED496-1573-469E-952C-7CC938A2BA20} = {1107E51A-A2F2-4E15-B64A-06E6D1AC611E}
	EndGlobalSection
	GlobalSection(ExtensibilityGlobals) = postSolution
		SolutionGuid = {1E2364F3-9F34-4C44-8869-C6C56B6BFE81}
	EndGlobalSection
EndGlobal
